
Microsoft Visual Studio Solution File, Format Version 12.00
# Visual Studio for Mac
Project("{FAE04EC0-301F-11D3-BF4B-00C04F79EFBC}") = "Assembly-CSharp", "Assembly-CSharp.csproj", "{F4957F91-F570-BEC7-13D6-A3E5110D1333}"
EndProject
Project("{FAE04EC0-301F-11D3-BF4B-00C04F79EFBC}") = "Assembly-CSharp-firstpass", "Assembly-CSharp-firstpass.csproj", "{23E6B0A6-C0F0-DEE4-9D6D-F399AE0E39AB}"
EndProject
Project("{FAE04EC0-301F-11D3-BF4B-00C04F79EFBC}") = "Assembly-CSharp-Editor", "Assembly-CSharp-Editor.csproj", "{288FD749-BE9F-CABB-87BB-8DD54015BB1F}"
EndProject
Project("{FAE04EC0-301F-11D3-BF4B-00C04F79EFBC}") = "Assembly-CSharp-Editor-firstpass", "Assembly-CSharp-Editor-firstpass.csproj", "{F2BA35C0-D21B-15A7-A556-C2AEC6F9982C}"
EndProject
Global
	GlobalSection(SolutionConfigurationPlatforms) = preSolution
		Debug|Any CPU = Debug|Any CPU
		Release|Any CPU = Release|Any CPU
	EndGlobalSection
	GlobalSection(ProjectConfigurationPlatforms) = postSolution
		{F4957F91-F570-BEC7-13D6-A3E5110D1333}.Debug|Any CPU.ActiveCfg = Debug|Any CPU
		{F4957F91-F570-BEC7-13D6-A3E5110D1333}.Debug|Any CPU.Build.0 = Debug|Any CPU
		{F4957F91-F570-BEC7-13D6-A3E5110D1333}.Release|Any CPU.ActiveCfg = Release|Any CPU
		{F4957F91-F570-BEC7-13D6-A3E5110D1333}.Release|Any CPU.Build.0 = Release|Any CPU
		{23E6B0A6-C0F0-DEE4-9D6D-F399AE0E39AB}.Debug|Any CPU.ActiveCfg = Debug|Any CPU
		{23E6B0A6-C0F0-DEE4-9D6D-F399AE0E39AB}.Debug|Any CPU.Build.0 = Debug|Any CPU
		{23E6B0A6-C0F0-DEE4-9D6D-F399AE0E39AB}.Release|Any CPU.ActiveCfg = Release|Any CPU
		{23E6B0A6-C0F0-DEE4-9D6D-F399AE0E39AB}.Release|Any CPU.Build.0 = Release|Any CPU
		{288FD749-BE9F-CABB-87BB-8DD54015BB1F}.Debug|Any CPU.ActiveCfg = Debug|Any CPU
		{288FD749-BE9F-CABB-87BB-8DD54015BB1F}.Debug|Any CPU.Build.0 = Debug|Any CPU
		{288FD749-BE9F-CABB-87BB-8DD54015BB1F}.Release|Any CPU.ActiveCfg = Release|Any CPU
		{288FD749-BE9F-CABB-87BB-8DD54015BB1F}.Release|Any CPU.Build.0 = Release|Any CPU
		{F2BA35C0-D21B-15A7-A556-C2AEC6F9982C}.Debug|Any CPU.ActiveCfg = Debug|Any CPU
		{F2BA35C0-D21B-15A7-A556-C2AEC6F9982C}.Debug|Any CPU.Build.0 = Debug|Any CPU
		{F2BA35C0-D21B-15A7-A556-C2AEC6F9982C}.Release|Any CPU.ActiveCfg = Release|Any CPU
		{F2BA35C0-D21B-15A7-A556-C2AEC6F9982C}.Release|Any CPU.Build.0 = Release|Any CPU
	EndGlobalSection
	GlobalSection(SolutionProperties) = preSolution
		HideSolutionNode = FALSE
	EndGlobalSection
EndGlobal
